
Microsoft Visual Studio Solution File, Format Version 12.00
# Visual Studio Version 16
VisualStudioVersion = 16.0.30204.135
MinimumVisualStudioVersion = 10.0.40219.1
Project("{FAE04EC0-301F-11D3-BF4B-00C04F79EFBC}") = "PacMan", "PacMan.csproj", "{8E69A9E2-AC93-4471-B9B8-4D500600DCB2}"
EndProject
Global
	GlobalSection(SolutionConfigurationPlatforms) = preSolution
		Debug|Any CPU = Debug|Any CPU
		Release|Any CPU = Release|Any CPU
	EndGlobalSection
	GlobalSection(ProjectConfigurationPlatforms) = postSolution
		{8E69A9E2-AC93-4471-B9B8-4D500600DCB2}.Debug|Any CPU.ActiveCfg = Debug|Any CPU
		{8E69A9E2-AC93-4471-B9B8-4D500600DCB2}.Debug|Any CPU.Build.0 = Debug|Any CPU
		{8E69A9E2-AC93-4471-B9B8-4D500600DCB2}.Release|Any CPU.ActiveCfg = Release|Any CPU
		{8E69A9E2-AC93-4471-B9B8-4D500600DCB2}.Release|Any CPU.Build.0 = Release|Any CPU
	EndGlobalSection
	GlobalSection(SolutionProperties) = preSolution
		HideSolutionNode = FALSE
	EndGlobalSection
	GlobalSection(ExtensibilityGlobals) = postSolution
		SolutionGuid = {7F54F460-E19E-45CF-88F4-071F4C9A671D}
	EndGlobalSection
EndGlobal
